{
  "name": "runisland-ionic4",
  "version": "4.0.0-alpha.3",
  "lockfileVersion": 1,
  "requires": true,
  "dependencies": {
    "@ionic/core": {
      "version": "4.0.0-alpha.3",
      "resolved": "https://registry.npmjs.org/@ionic/core/-/core-4.0.0-alpha.3.tgz",
      "integrity": "sha512-HWfBGzTWylcunyvRErKSy72fzgH/K1UE+Sy3wok98kvRWcgJfqnag+cpsX6jReCVHBnj5+hx/1CQbwEUZL6r7g==",
      "dev": true,
      "requires": {
        "ionicons": "4.0.0-19"
      }
    },
    "ionicons": {
      "version": "4.0.0-19",
      "resolved": "https://registry.npmjs.org/ionicons/-/ionicons-4.0.0-19.tgz",
      "integrity": "sha512-8u48UtGnG45seEZzG17vbSPryr4t7hi3qHUigNdp00E/zjno/KkO1xyVXytyo2AC1UDLgARPZ0S2Y8+lE9KrDQ==",
      "dev": true
    }
  }
}
