{
  "name": "runisland-ionic4",
  "version": "4.0.0-alpha.6",
  "lockfileVersion": 1,
  "requires": true,
  "dependencies": {
    "@ionic/core": {
      "version": "4.0.0-alpha.6",
      "resolved": "https://registry.npmjs.org/@ionic/core/-/core-4.0.0-alpha.6.tgz",
      "integrity": "sha512-1UPrsCJ8RAUj0xQ9StRc9VP7Qt3ejmw3Ym3F+rfsZPSczAIrSZb3UmDVjAAl2o0K0QbIO3tF3nYW8yVW+GdrLQ==",
      "dev": true,
      "requires": {
        "ionicons": "4.0.0-19"
      }
    },
    "ionicons": {
      "version": "4.0.0-19",
      "resolved": "https://registry.npmjs.org/ionicons/-/ionicons-4.0.0-19.tgz",
      "integrity": "sha512-8u48UtGnG45seEZzG17vbSPryr4t7hi3qHUigNdp00E/zjno/KkO1xyVXytyo2AC1UDLgARPZ0S2Y8+lE9KrDQ==",
      "dev": true
    }
  }
}
